{
  "meteor": {},
  "dependencies": {
    "basePackages": {
      "module-layout": {
        "path": ".."
      }
    },
    "packages": {
      "module-layout": {
        "path": ".."
      },
      "blaze-layout": {
        "git": "https://github.com/EventedMind/blaze-layout.git",
        "tag": "v0.2.4",
        "commit": "b40e9b0612329288d75cf52ad14a7da64bb8618f"
      },
      "iron-router": {
        "git": "https://github.com/EventedMind/iron-router.git",
        "tag": "v0.7.0",
        "commit": "05f34bc48c4cad9fdaa366c1ddcabe6980232ece"
      },
      "iron-router-active": {
        "git": "https://github.com/XpressiveCode/iron-router-active.git",
        "tag": "v0.2.0",
        "commit": "1b05aad5325c3dfdb5186b9c288aa53013d767b8"
      },
      "jquery-ui": {
        "git": "https://github.com/TimHeckel/meteor-jquery-ui.git",
        "tag": "v1.9.2",
        "commit": "c437d45edcf1367df8d5ffa8bad2867758030bd2"
      },
      "component-dataTable": {
        "git": "https://github.com/lumapictures/component-dataTable",
        "branch": "master",
        "commit": "1796b8bba9094ae778792eb56a861b1d98215d54"
      }
    }
  }
}
